// !$*UTF8*$!
{
	archiveVersion = 1;
	classes = {
	};
	objectVersion = 50;
	objects = {

/* Begin PBXBuildFile section */
		636E0F8325B96FD3005A438C /* AppDelegate.swift in Sources */ = {isa = PBXBuildFile; fileRef = 636E0F8225B96FD3005A438C /* AppDelegate.swift */; };
		636E0F8525B96FD3005A438C /* SceneDelegate.swift in Sources */ = {isa = PBXBuildFile; fileRef = 636E0F8425B96FD3005A438C /* SceneDelegate.swift */; };
		636E0F8725B96FD3005A438C /* ContentView.swift in Sources */ = {isa = PBXBuildFile; fileRef = 636E0F8625B96FD3005A438C /* ContentView.swift */; };
		636E0F8925B96FD5005A438C /* Assets.xcassets in Resources */ = {isa = PBXBuildFile; fileRef = 636E0F8825B96FD5005A438C /* Assets.xcassets */; };
		636E0F8C25B96FD5005A438C /* Preview Assets.xcassets in Resources */ = {isa = PBXBuildFile; fileRef = 636E0F8B25B96FD5005A438C /* Preview Assets.xcassets */; };
		636E0F8F25B96FD5005A438C /* LaunchScreen.storyboard in Resources */ = {isa = PBXBuildFile; fileRef = 636E0F8D25B96FD5005A438C /* LaunchScreen.storyboard */; };
		636E0F9A25B96FD5005A438C /* DiceGameTests.swift in Sources */ = {isa = PBXBuildFile; fileRef = 636E0F9925B96FD5005A438C /* DiceGameTests.swift */; };
		636E0FA525B96FD5005A438C /* DiceGameUITests.swift in Sources */ = {isa = PBXBuildFile; fileRef = 636E0FA425B96FD5005A438C /* DiceGameUITests.swift */; };
/* End PBXBuildFile section */

/* Begin PBXContainerItemProxy section */
		636E0F9625B96FD5005A438C /* PBXContainerItemProxy */ = {
			isa = PBXContainerItemProxy;
			containerPortal = 636E0F7725B96FD3005A438C /* Project object */;
			proxyType = 1;
			remoteGlobalIDString = 636E0F7E25B96FD3005A438C;
			remoteInfo = DiceGame;
		};
		636E0FA125B96FD5005A438C /* PBXContainerItemProxy */ = {
			isa = PBXContainerItemProxy;
			containerPortal = 636E0F7725B96FD3005A438C /* Project object */;
			proxyType = 1;
			remoteGlobalIDString = 636E0F7E25B96FD3005A438C;
			remoteInfo = DiceGame;
		};
/* End PBXContainerItemProxy section */

/* Begin PBXFileReference section */
		636E0F7F25B96FD3005A438C /* DiceGame.app */ = {isa = PBXFileReference; explicitFileType = wrapper.application; includeInIndex = 0; path = DiceGame.app; sourceTree = BUILT_PRODUCTS_DIR; };
		636E0F8225B96FD3005A438C /* AppDelegate.swift */ = {isa = PBXFileReference; lastKnownFileType = sourcecode.swift; path = AppDelegate.swift; sourceTree = "<group>"; };
		636E0F8425B96FD3005A438C /* SceneDelegate.swift */ = {isa = PBXFileReference; lastKnownFileType = sourcecode.swift; path = SceneDelegate.swift; sourceTree = "<group>"; };
		636E0F8625B96FD3005A438C /* ContentView.swift */ = {isa = PBXFileReference; lastKnownFileType = sourcecode.swift; path = ContentView.swift; sourceTree = "<group>"; };
		636E0F8825B96FD5005A438C /* Assets.xcassets */ = {isa = PBXFileReference; lastKnownFileType = folder.assetcatalog; path = Assets.xcassets; sourceTree = "<group>"; };
		636E0F8B25B96FD5005A438C /* Preview Assets.xcassets */ = {isa = PBXFileReference; lastKnownFileType = folder.assetcatalog; path = "Preview Assets.xcassets"; sourceTree = "<group>"; };
		636E0F8E25B96FD5005A438C /* Base */ = {isa = PBXFileReference; lastKnownFileType = file.storyboard; name = Base; path = Base.lproj/LaunchScreen.storyboard; sourceTree = "<group>"; };
		636E0F9025B96FD5005A438C /* Info.plist */ = {isa = PBXFileReference; lastKnownFileType = text.plist.xml; path = Info.plist; sourceTree = "<group>"; };
		636E0F9525B96FD5005A438C /* DiceGameTests.xctest */ = {isa = PBXFileReference; explicitFileType = wrapper.cfbundle; includeInIndex = 0; path = DiceGameTests.xctest; sourceTree = BUILT_PRODUCTS_DIR; };
		636E0F9925B96FD5005A438C /* DiceGameTests.swift */ = {isa = PBXFileReference; lastKnownFileType = sourcecode.swift; path = DiceGameTests.swift; sourceTree = "<group>"; };
		636E0F9B25B96FD5005A438C /* Info.plist */ = {isa = PBXFileReference; lastKnownFileType = text.plist.xml; path = Info.plist; sourceTree = "<group>"; };
		636E0FA025B96FD5005A438C /* DiceGameUITests.xctest */ = {isa = PBXFileReference; explicitFileType = wrapper.cfbundle; includeInIndex = 0; path = DiceGameUITests.xctest; sourceTree = BUILT_PRODUCTS_DIR; };
		636E0FA425B96FD5005A438C /* DiceGameUITests.swift */ = {isa = PBXFileReference; lastKnownFileType = sourcecode.swift; path = DiceGameUITests.swift; sourceTree = "<group>"; };
		636E0FA625B96FD5005A438C /* Info.plist */ = {isa = PBXFileReference; lastKnownFileType = text.plist.xml; path = Info.plist; sourceTree = "<group>"; };
/* End PBXFileReference section */

/* Begin PBXFrameworksBuildPhase section */
		636E0F7C25B96FD3005A438C /* Frameworks */ = {
			isa = PBXFrameworksBuildPhase;
			buildActionMask = 2147483647;
			files = (
			);
			runOnlyForDeploymentPostprocessing = 0;
		};
		636E0F9225B96FD5005A438C /* Frameworks */ = {
			isa = PBXFrameworksBuildPhase;
			buildActionMask = 2147483647;
			files = (
			);
			runOnlyForDeploymentPostprocessing = 0;
		};
		636E0F9D25B96FD5005A438C /* Frameworks */ = {
			isa = PBXFrameworksBuildPhase;
			buildActionMask = 2147483647;
			files = (
			);
			runOnlyForDeploymentPostprocessing = 0;
		};
/* End PBXFrameworksBuildPhase section */

/* Begin PBXGroup section */
		636E0F7625B96FD3005A438C = {
			isa = PBXGroup;
			children = (
				636E0F8125B96FD3005A438C /* DiceGame */,
				636E0F9825B96FD5005A438C /* DiceGameTests */,
				636E0FA325B96FD5005A438C /* DiceGameUITests */,
				636E0F8025B96FD3005A438C /* Products */,
			);
			sourceTree = "<group>";
		};
		636E0F8025B96FD3005A438C /* Products */ = {
			isa = PBXGroup;
			children = (
				636E0F7F25B96FD3005A438C /* DiceGame.app */,
				636E0F9525B96FD5005A438C /* DiceGameTests.xctest */,
				636E0FA025B96FD5005A438C /* DiceGameUITests.xctest */,
			);
			name = Products;
			sourceTree = "<group>";
		};
		636E0F8125B96FD3005A438C /* DiceGame */ = {
			isa = PBXGroup;
			children = (
				636E0F8225B96FD3005A438C /* AppDelegate.swift */,
				636E0F8425B96FD3005A438C /* SceneDelegate.swift */,
				636E0F8625B96FD3005A438C /* ContentView.swift */,
				636E0F8825B96FD5005A438C /* Assets.xcassets */,
				636E0F8D25B96FD5005A438C /* LaunchScreen.storyboard */,
				636E0F9025B96FD5005A438C /* Info.plist */,
				636E0F8A25B96FD5005A438C /* Preview Content */,
			);
			path = DiceGame;
			sourceTree = "<group>";
		};
		636E0F8A25B96FD5005A438C /* Preview Content */ = {
			isa = PBXGroup;
			children = (
				636E0F8B25B96FD5005A438C /* Preview Assets.xcassets */,
			);
			path = "Preview Content";
			sourceTree = "<group>";
		};
		636E0F9825B96FD5005A438C /* DiceGameTests */ = {
			isa = PBXGroup;
			children = (
				636E0F9925B96FD5005A438C /* DiceGameTests.swift */,
				636E0F9B25B96FD5005A438C /* Info.plist */,
			);
			path = DiceGameTests;
			sourceTree = "<group>";
		};
		636E0FA325B96FD5005A438C /* DiceGameUITests */ = {
			isa = PBXGroup;
			children = (
				636E0FA425B96FD5005A438C /* DiceGameUITests.swift */,
				636E0FA625B96FD5005A438C /* Info.plist */,
			);
			path = DiceGameUITests;
			sourceTree = "<group>";
		};
/* End PBXGroup section */

/* Begin PBXNativeTarget section */
		636E0F7E25B96FD3005A438C /* DiceGame */ = {
			isa = PBXNativeTarget;
			buildConfigurationList = 636E0FA925B96FD6005A438C /* Build configuration list for PBXNativeTarget "DiceGame" */;
			buildPhases = (
				636E0F7B25B96FD3005A438C /* Sources */,
				636E0F7C25B96FD3005A438C /* Frameworks */,
				636E0F7D25B96FD3005A438C /* Resources */,
			);
			buildRules = (
			);
			dependencies = (
			);
			name = DiceGame;
			productName = DiceGame;
			productReference = 636E0F7F25B96FD3005A438C /* DiceGame.app */;
			productType = "com.apple.product-type.application";
		};
		636E0F9425B96FD5005A438C /* DiceGameTests */ = {
			isa = PBXNativeTarget;
			buildConfigurationList = 636E0FAC25B96FD6005A438C /* Build configuration list for PBXNativeTarget "DiceGameTests" */;
			buildPhases = (
				636E0F9125B96FD5005A438C /* Sources */,
				636E0F9225B96FD5005A438C /* Frameworks */,
				636E0F9325B96FD5005A438C /* Resources */,
			);
			buildRules = (
			);
			dependencies = (
				636E0F9725B96FD5005A438C /* PBXTargetDependency */,
			);
			name = DiceGameTests;
			productName = DiceGameTests;
			productReference = 636E0F9525B96FD5005A438C /* DiceGameTests.xctest */;
			productType = "com.apple.product-type.bundle.unit-test";
		};
		636E0F9F25B96FD5005A438C /* DiceGameUITests */ = {
			isa = PBXNativeTarget;
			buildConfigurationList = 636E0FAF25B96FD6005A438C /* Build configuration list for PBXNativeTarget "DiceGameUITests" */;
			buildPhases = (
				636E0F9C25B96FD5005A438C /* Sources */,
				636E0F9D25B96FD5005A438C /* Frameworks */,
				636E0F9E25B96FD5005A438C /* Resources */,
			);
			buildRules = (
			);
			dependencies = (
				636E0FA225B96FD5005A438C /* PBXTargetDependency */,
			);
			name = DiceGameUITests;
			productName = DiceGameUITests;
			productReference = 636E0FA025B96FD5005A438C /* DiceGameUITests.xctest */;
			productType = "com.apple.product-type.bundle.ui-testing";
		};
/* End PBXNativeTarget section */

/* Begin PBXProject section */
		636E0F7725B96FD3005A438C /* Project object */ = {
			isa = PBXProject;
			attributes = {
				LastSwiftUpdateCheck = 1230;
				LastUpgradeCheck = 1230;
				TargetAttributes = {
					636E0F7E25B96FD3005A438C = {
						CreatedOnToolsVersion = 12.3;
					};
					636E0F9425B96FD5005A438C = {
						CreatedOnToolsVersion = 12.3;
						TestTargetID = 636E0F7E25B96FD3005A438C;
					};
					636E0F9F25B96FD5005A438C = {
						CreatedOnToolsVersion = 12.3;
						TestTargetID = 636E0F7E25B96FD3005A438C;
					};
				};
			};
			buildConfigurationList = 636E0F7A25B96FD3005A438C /* Build configuration list for PBXProject "DiceGame" */;
			compatibilityVersion = "Xcode 9.3";
			developmentRegion = en;
			hasScannedForEncodings = 0;
			knownRegions = (
				en,
				Base,
			);
			mainGroup = 636E0F7625B96FD3005A438C;
			productRefGroup = 636E0F8025B96FD3005A438C /* Products */;
			projectDirPath = "";
			projectRoot = "";
			targets = (
				636E0F7E25B96FD3005A438C /* DiceGame */,
				636E0F9425B96FD5005A438C /* DiceGameTests */,
				636E0F9F25B96FD5005A438C /* DiceGameUITests */,
			);
		};
/* End PBXProject section */

/* Begin PBXResourcesBuildPhase section */
		636E0F7D25B96FD3005A438C /* Resources */ = {
			isa = PBXResourcesBuildPhase;
			buildActionMask = 2147483647;
			files = (
				636E0F8F25B96FD5005A438C /* LaunchScreen.storyboard in Resources */,
				636E0F8C25B96FD5005A438C /* Preview Assets.xcassets in Resources */,
				636E0F8925B96FD5005A438C /* Assets.xcassets in Resources */,
			);
			runOnlyForDeploymentPostprocessing = 0;
		};
		636E0F9325B96FD5005A438C /* Resources */ = {
			isa = PBXResourcesBuildPhase;
			buildActionMask = 2147483647;
			files = (
			);
			runOnlyForDeploymentPostprocessing = 0;
		};
		636E0F9E25B96FD5005A438C /* Resources */ = {
			isa = PBXResourcesBuildPhase;
			buildActionMask = 2147483647;
			files = (
			);
			runOnlyForDeploymentPostprocessing = 0;
		};
/* End PBXResourcesBuildPhase section */

/* Begin PBXSourcesBuildPhase section */
		636E0F7B25B96FD3005A438C /* Sources */ = {
			isa = PBXSourcesBuildPhase;
			buildActionMask = 2147483647;
			files = (
				636E0F8325B96FD3005A438C /* AppDelegate.swift in Sources */,
				636E0F8525B96FD3005A438C /* SceneDelegate.swift in Sources */,
				636E0F8725B96FD3005A438C /* ContentView.swift in Sources */,
			);
			runOnlyForDeploymentPostprocessing = 0;
		};
		636E0F9125B96FD5005A438C /* Sources */ = {
			isa = PBXSourcesBuildPhase;
			buildActionMask = 2147483647;
			files = (
				636E0F9A25B96FD5005A438C /* DiceGameTests.swift in Sources */,
			);
			runOnlyForDeploymentPostprocessing = 0;
		};
		636E0F9C25B96FD5005A438C /* Sources */ = {
			isa = PBXSourcesBuildPhase;
			buildActionMask = 2147483647;
			files = (
				636E0FA525B96FD5005A438C /* DiceGameUITests.swift in Sources */,
			);
			runOnlyForDeploymentPostprocessing = 0;
		};
/* End PBXSourcesBuildPhase section */

/* Begin PBXTargetDependency section */
		636E0F9725B96FD5005A438C /* PBXTargetDependency */ = {
			isa = PBXTargetDependency;
			target = 636E0F7E25B96FD3005A438C /* DiceGame */;
			targetProxy = 636E0F9625B96FD5005A438C /* PBXContainerItemProxy */;
		};
		636E0FA225B96FD5005A438C /* PBXTargetDependency */ = {
			isa = PBXTargetDependency;
			target = 636E0F7E25B96FD3005A438C /* DiceGame */;
			targetProxy = 636E0FA125B96FD5005A438C /* PBXContainerItemProxy */;
		};
/* End PBXTargetDependency section */

/* Begin PBXVariantGroup section */
		636E0F8D25B96FD5005A438C /* LaunchScreen.storyboard */ = {
			isa = PBXVariantGroup;
			children = (
				636E0F8E25B96FD5005A438C /* Base */,
			);
			name = LaunchScreen.storyboard;
			sourceTree = "<group>";
		};
/* End PBXVariantGroup section */

/* Begin XCBuildConfiguration section */
		636E0FA725B96FD6005A438C /* Debug */ = {
			isa = XCBuildConfiguration;
			buildSettings = {
				ALWAYS_SEARCH_USER_PATHS = NO;
				CLANG_ANALYZER_NONNULL = YES;
				CLANG_ANALYZER_NUMBER_OBJECT_CONVERSION = YES_AGGRESSIVE;
				CLANG_CXX_LANGUAGE_STANDARD = "gnu++14";
				CLANG_CXX_LIBRARY = "libc++";
				CLANG_ENABLE_MODULES = YES;
				CLANG_ENABLE_OBJC_ARC = YES;
				CLANG_ENABLE_OBJC_WEAK = YES;
				CLANG_WARN_BLOCK_CAPTURE_AUTORELEASING = YES;
				CLANG_WARN_BOOL_CONVERSION = YES;
				CLANG_WARN_COMMA = YES;
				CLANG_WARN_CONSTANT_CONVERSION = YES;
				CLANG_WARN_DEPRECATED_OBJC_IMPLEMENTATIONS = YES;
				CLANG_WARN_DIRECT_OBJC_ISA_USAGE = YES_ERROR;
				CLANG_WARN_DOCUMENTATION_COMMENTS = YES;
				CLANG_WARN_EMPTY_BODY = YES;
				CLANG_WARN_ENUM_CONVERSION = YES;
				CLANG_WARN_INFINITE_RECURSION = YES;
				CLANG_WARN_INT_CONVERSION = YES;
				CLANG_WARN_NON_LITERAL_NULL_CONVERSION = YES;
				CLANG_WARN_OBJC_IMPLICIT_RETAIN_SELF = YES;
				CLANG_WARN_OBJC_LITERAL_CONVERSION = YES;
				CLANG_WARN_OBJC_ROOT_CLASS = YES_ERROR;
				CLANG_WARN_QUOTED_INCLUDE_IN_FRAMEWORK_HEADER = YES;
				CLANG_WARN_RANGE_LOOP_ANALYSIS = YES;
				CLANG_WARN_STRICT_PROTOTYPES = YES;
				CLANG_WARN_SUSPICIOUS_MOVE = YES;
				CLANG_WARN_UNGUARDED_AVAILABILITY = YES_AGGRESSIVE;
				CLANG_WARN_UNREACHABLE_CODE = YES;
				CLANG_WARN__DUPLICATE_METHOD_MATCH = YES;
				COPY_PHASE_STRIP = NO;
				DEBUG_INFORMATION_FORMAT = dwarf;
				ENABLE_STRICT_OBJC_MSGSEND = YES;
				ENABLE_TESTABILITY = YES;
				GCC_C_LANGUAGE_STANDARD = gnu11;
				GCC_DYNAMIC_NO_PIC = NO;
				GCC_NO_COMMON_BLOCKS = YES;
				GCC_OPTIMIZATION_LEVEL = 0;
				GCC_PREPROCESSOR_DEFINITIONS = (
					"DEBUG=1",
					"$(inherited)",
				);
				GCC_WARN_64_TO_32_BIT_CONVERSION = YES;
				GCC_WARN_ABOUT_RETURN_TYPE = YES_ERROR;
				GCC_WARN_UNDECLARED_SELECTOR = YES;
				GCC_WARN_UNINITIALIZED_AUTOS = YES_AGGRESSIVE;
				GCC_WARN_UNUSED_FUNCTION = YES;
				GCC_WARN_UNUSED_VARIABLE = YES;
				IPHONEOS_DEPLOYMENT_TARGET = 14.3;
				MTL_ENABLE_DEBUG_INFO = INCLUDE_SOURCE;
				MTL_FAST_MATH = YES;
				ONLY_ACTIVE_ARCH = YES;
				SDKROOT = iphoneos;
				SWIFT_ACTIVE_COMPILATION_CONDITIONS = DEBUG;
				SWIFT_OPTIMIZATION_LEVEL = "-Onone";
			};
			name = Debug;
		};
		636E0FA825B96FD6005A438C /* Release */ = {
			isa = XCBuildConfiguration;
			buildSettings = {
				ALWAYS_SEARCH_USER_PATHS = NO;
				CLANG_ANALYZER_NONNULL = YES;
				CLANG_ANALYZER_NUMBER_OBJECT_CONVERSION = YES_AGGRESSIVE;
				CLANG_CXX_LANGUAGE_STANDARD = "gnu++14";
				CLANG_CXX_LIBRARY = "libc++";
				CLANG_ENABLE_MODULES = YES;
				CLANG_ENABLE_OBJC_ARC = YES;
				CLANG_ENABLE_OBJC_WEAK = YES;
				CLANG_WARN_BLOCK_CAPTURE_AUTORELEASING = YES;
				CLANG_WARN_BOOL_CONVERSION = YES;
				CLANG_WARN_COMMA = YES;
				CLANG_WARN_CONSTANT_CONVERSION = YES;
				CLANG_WARN_DEPRECATED_OBJC_IMPLEMENTATIONS = YES;
				CLANG_WARN_DIRECT_OBJC_ISA_USAGE = YES_ERROR;
				CLANG_WARN_DOCUMENTATION_COMMENTS = YES;
				CLANG_WARN_EMPTY_BODY = YES;
				CLANG_WARN_ENUM_CONVERSION = YES;
				CLANG_WARN_INFINITE_RECURSION = YES;
				CLANG_WARN_INT_CONVERSION = YES;
				CLANG_WARN_NON_LITERAL_NULL_CONVERSION = YES;
				CLANG_WARN_OBJC_IMPLICIT_RETAIN_SELF = YES;
				CLANG_WARN_OBJC_LITERAL_CONVERSION = YES;
				CLANG_WARN_OBJC_ROOT_CLASS = YES_ERROR;
				CLANG_WARN_QUOTED_INCLUDE_IN_FRAMEWORK_HEADER = YES;
				CLANG_WARN_RANGE_LOOP_ANALYSIS = YES;
				CLANG_WARN_STRICT_PROTOTYPES = YES;
				CLANG_WARN_SUSPICIOUS_MOVE = YES;
				CLANG_WARN_UNGUARDED_AVAILABILITY = YES_AGGRESSIVE;
				CLANG_WARN_UNREACHABLE_CODE = YES;
				CLANG_WARN__DUPLICATE_METHOD_MATCH = YES;
				COPY_PHASE_STRIP = NO;
				DEBUG_INFORMATION_FORMAT = "dwarf-with-dsym";
				ENABLE_NS_ASSERTIONS = NO;
				ENABLE_STRICT_OBJC_MSGSEND = YES;
				GCC_C_LANGUAGE_STANDARD = gnu11;
				GCC_NO_COMMON_BLOCKS = YES;
				GCC_WARN_64_TO_32_BIT_CONVERSION = YES;
				GCC_WARN_ABOUT_RETURN_TYPE = YES_ERROR;
				GCC_WARN_UNDECLARED_SELECTOR = YES;
				GCC_WARN_UNINITIALIZED_AUTOS = YES_AGGRESSIVE;
				GCC_WARN_UNUSED_FUNCTION = YES;
				GCC_WARN_UNUSED_VARIABLE = YES;
				IPHONEOS_DEPLOYMENT_TARGET = 14.3;
				MTL_ENABLE_DEBUG_INFO = NO;
				MTL_FAST_MATH = YES;
				SDKROOT = iphoneos;
				SWIFT_COMPILATION_MODE = wholemodule;
				SWIFT_OPTIMIZATION_LEVEL = "-O";
				VALIDATE_PRODUCT = YES;
			};
			name = Release;
		};
		636E0FAA25B96FD6005A438C /* Debug */ = {
			isa = XCBuildConfiguration;
			buildSettings = {
				ASSETCATALOG_COMPILER_APPICON_NAME = AppIcon;
				ASSETCATALOG_COMPILER_GLOBAL_ACCENT_COLOR_NAME = AccentColor;
				CODE_SIGN_STYLE = Automatic;
				DEVELOPMENT_ASSET_PATHS = "\"DiceGame/Preview Content\"";
				ENABLE_PREVIEWS = YES;
				INFOPLIST_FILE = DiceGame/Info.plist;
				LD_RUNPATH_SEARCH_PATHS = (
					"$(inherited)",
					"@executable_path/Frameworks",
				);
				PRODUCT_BUNDLE_IDENTIFIER = com.example.DiceGame;
				PRODUCT_NAME = "$(TARGET_NAME)";
				SWIFT_VERSION = 5.0;
				TARGETED_DEVICE_FAMILY = "1,2";
			};
			name = Debug;
		};
		636E0FAB25B96FD6005A438C /* Release */ = {
			isa = XCBuildConfiguration;
			buildSettings = {
				ASSETCATALOG_COMPILER_APPICON_NAME = AppIcon;
				ASSETCATALOG_COMPILER_GLOBAL_ACCENT_COLOR_NAME = AccentColor;
				CODE_SIGN_STYLE = Automatic;
				DEVELOPMENT_ASSET_PATHS = "\"DiceGame/Preview Content\"";
				ENABLE_PREVIEWS = YES;
				INFOPLIST_FILE = DiceGame/Info.plist;
				LD_RUNPATH_SEARCH_PATHS = (
					"$(inherited)",
					"@executable_path/Frameworks",
				);
				PRODUCT_BUNDLE_IDENTIFIER = com.example.DiceGame;
				PRODUCT_NAME = "$(TARGET_NAME)";
				SWIFT_VERSION = 5.0;
				TARGETED_DEVICE_FAMILY = "1,2";
			};
			name = Release;
		};
		636E0FAD25B96FD6005A438C /* Debug */ = {
			isa = XCBuildConfiguration;
			buildSettings = {
				ALWAYS_EMBED_SWIFT_STANDARD_LIBRARIES = YES;
				BUNDLE_LOADER = "$(TEST_HOST)";
				CODE_SIGN_STYLE = Automatic;
				INFOPLIST_FILE = DiceGameTests/Info.plist;
				IPHONEOS_DEPLOYMENT_TARGET = 14.3;
				LD_RUNPATH_SEARCH_PATHS = (
					"$(inherited)",
					"@executable_path/Frameworks",
					"@loader_path/Frameworks",
				);
				PRODUCT_BUNDLE_IDENTIFIER = com.example.DiceGameTests;
				PRODUCT_NAME = "$(TARGET_NAME)";
				SWIFT_VERSION = 5.0;
				TARGETED_DEVICE_FAMILY = "1,2";
				TEST_HOST = "$(BUILT_PRODUCTS_DIR)/DiceGame.app/DiceGame";
			};
			name = Debug;
		};
		636E0FAE25B96FD6005A438C /* Release */ = {
			isa = XCBuildConfiguration;
			buildSettings = {
				ALWAYS_EMBED_SWIFT_STANDARD_LIBRARIES = YES;
				BUNDLE_LOADER = "$(TEST_HOST)";
				CODE_SIGN_STYLE = Automatic;
				INFOPLIST_FILE = DiceGameTests/Info.plist;
				IPHONEOS_DEPLOYMENT_TARGET = 14.3;
				LD_RUNPATH_SEARCH_PATHS = (
					"$(inherited)",
					"@executable_path/Frameworks",
					"@loader_path/Frameworks",
				);
				PRODUCT_BUNDLE_IDENTIFIER = com.example.DiceGameTests;
				PRODUCT_NAME = "$(TARGET_NAME)";
				SWIFT_VERSION = 5.0;
				TARGETED_DEVICE_FAMILY = "1,2";
				TEST_HOST = "$(BUILT_PRODUCTS_DIR)/DiceGame.app/DiceGame";
			};
			name = Release;
		};
		636E0FB025B96FD6005A438C /* Debug */ = {
			isa = XCBuildConfiguration;
			buildSettings = {
				ALWAYS_EMBED_SWIFT_STANDARD_LIBRARIES = YES;
				CODE_SIGN_STYLE = Automatic;
				INFOPLIST_FILE = DiceGameUITests/Info.plist;
				LD_RUNPATH_SEARCH_PATHS = (
					"$(inherited)",
					"@executable_path/Frameworks",
					"@loader_path/Frameworks",
				);
				PRODUCT_BUNDLE_IDENTIFIER = com.example.DiceGameUITests;
				PRODUCT_NAME = "$(TARGET_NAME)";
				SWIFT_VERSION = 5.0;
				TARGETED_DEVICE_FAMILY = "1,2";
				TEST_TARGET_NAME = DiceGame;
			};
			name = Debug;
		};
		636E0FB125B96FD6005A438C /* Release */ = {
			isa = XCBuildConfiguration;
			buildSettings = {
				ALWAYS_EMBED_SWIFT_STANDARD_LIBRARIES = YES;
				CODE_SIGN_STYLE = Automatic;
				INFOPLIST_FILE = DiceGameUITests/Info.plist;
				LD_RUNPATH_SEARCH_PATHS = (
					"$(inherited)",
					"@executable_path/Frameworks",
					"@loader_path/Frameworks",
				);
				PRODUCT_BUNDLE_IDENTIFIER = com.example.DiceGameUITests;
				PRODUCT_NAME = "$(TARGET_NAME)";
				SWIFT_VERSION = 5.0;
				TARGETED_DEVICE_FAMILY = "1,2";
				TEST_TARGET_NAME = DiceGame;
			};
			name = Release;
		};
/* End XCBuildConfiguration section */

/* Begin XCConfigurationList section */
		636E0F7A25B96FD3005A438C /* Build configuration list for PBXProject "DiceGame" */ = {
			isa = XCConfigurationList;
			buildConfigurations = (
				636E0FA725B96FD6005A438C /* Debug */,
				636E0FA825B96FD6005A438C /* Release */,
			);
			defaultConfigurationIsVisible = 0;
			defaultConfigurationName = Release;
		};
		636E0FA925B96FD6005A438C /* Build configuration list for PBXNativeTarget "DiceGame" */ = {
			isa = XCConfigurationList;
			buildConfigurations = (
				636E0FAA25B96FD6005A438C /* Debug */,
				636E0FAB25B96FD6005A438C /* Release */,
			);
			defaultConfigurationIsVisible = 0;
			defaultConfigurationName = Release;
		};
		636E0FAC25B96FD6005A438C /* Build configuration list for PBXNativeTarget "DiceGameTests" */ = {
			isa = XCConfigurationList;
			buildConfigurations = (
				636E0FAD25B96FD6005A438C /* Debug */,
				636E0FAE25B96FD6005A438C /* Release */,
			);
			defaultConfigurationIsVisible = 0;
			defaultConfigurationName = Release;
		};
		636E0FAF25B96FD6005A438C /* Build configuration list for PBXNativeTarget "DiceGameUITests" */ = {
			isa = XCConfigurationList;
			buildConfigurations = (
				636E0FB025B96FD6005A438C /* Debug */,
				636E0FB125B96FD6005A438C /* Release */,
			);
			defaultConfigurationIsVisible = 0;
			defaultConfigurationName = Release;
		};
/* End XCConfigurationList section */
	};
	rootObject = 636E0F7725B96FD3005A438C /* Project object */;
}
